
Microsoft Visual Studio Solution File, Format Version 12.00
Project("{FAE04EC0-301F-11D3-BF4B-00C04F79EFBC}") = "PersonalLibrary.Web", "PersonalLibrary.Web\PersonalLibrary.Web.csproj", "{5EEAA898-E28E-47C2-AF87-69878CC31689}"
EndProject
Global
	GlobalSection(SolutionConfigurationPlatforms) = preSolution
		Debug|Any CPU = Debug|Any CPU
		Release|Any CPU = Release|Any CPU
	EndGlobalSection
	GlobalSection(ProjectConfigurationPlatforms) = postSolution
		{5EEAA898-E28E-47C2-AF87-69878CC31689}.Debug|Any CPU.ActiveCfg = Debug|Any CPU
		{5EEAA898-E28E-47C2-AF87-69878CC31689}.Debug|Any CPU.Build.0 = Debug|Any CPU
		{5EEAA898-E28E-47C2-AF87-69878CC31689}.Release|Any CPU.ActiveCfg = Release|Any CPU
		{5EEAA898-E28E-47C2-AF87-69878CC31689}.Release|Any CPU.Build.0 = Release|Any CPU
	EndGlobalSection
EndGlobal
